{
  "name": "mypaper",
  "version": "1.0.0",
  "lockfileVersion": 1,
  "requires": true,
  "dependencies": {
    "paper": {
      "version": "0.12.4",
      "resolved": "https://registry.npm.taobao.org/paper/download/paper-0.12.4.tgz",
      "integrity": "sha1-xrAf6ibLMNFaT3q+s0ZcRa17Sa4="
    }
  }
}
